
Microsoft Visual Studio Solution File, Format Version 12.00
# Visual Studio Version 17
VisualStudioVersion = 17.5.33516.290
MinimumVisualStudioVersion = 10.0.40219.1
Project("{FAE04EC0-301F-11D3-BF4B-00C04F79EFBC}") = "Simulator", "Simulator\Simulator.csproj", "{09DFF64E-CC32-4937-9E2F-BE349C98369B}"
EndProject
Global
	GlobalSection(SolutionConfigurationPlatforms) = preSolution
		Debug|Any CPU = Debug|Any CPU
		Release|Any CPU = Release|Any CPU
	EndGlobalSection
	GlobalSection(ProjectConfigurationPlatforms) = postSolution
		{09DFF64E-CC32-4937-9E2F-BE349C98369B}.Debug|Any CPU.ActiveCfg = Debug|Any CPU
		{09DFF64E-CC32-4937-9E2F-BE349C98369B}.Debug|Any CPU.Build.0 = Debug|Any CPU
		{09DFF64E-CC32-4937-9E2F-BE349C98369B}.Release|Any CPU.ActiveCfg = Release|Any CPU
		{09DFF64E-CC32-4937-9E2F-BE349C98369B}.Release|Any CPU.Build.0 = Release|Any CPU
	EndGlobalSection
	GlobalSection(SolutionProperties) = preSolution
		HideSolutionNode = FALSE
	EndGlobalSection
	GlobalSection(ExtensibilityGlobals) = postSolution
		SolutionGuid = {F2DE9803-0DAD-444F-846C-E4B056DD34F4}
	EndGlobalSection
EndGlobal
