
Microsoft Visual Studio Solution File, Format Version 12.00
# Visual Studio Version 17
VisualStudioVersion = 17.5.33516.290
MinimumVisualStudioVersion = 10.0.40219.1
Project("{9A19103F-16F7-4668-BE54-9A1E7A4F7556}") = "Core", "Core\Core.csproj", "{0D97F4D0-7168-4D09-8DBF-34893DCDB883}"
EndProject
Project("{9A19103F-16F7-4668-BE54-9A1E7A4F7556}") = "Service", "Service\Service.csproj", "{438D3C52-AB45-45CE-BE81-71D9E4976B19}"
EndProject
Project("{9A19103F-16F7-4668-BE54-9A1E7A4F7556}") = "API", "API\API.csproj", "{8478A07D-28AC-4BDA-B906-B878E8558F50}"
EndProject
Project("{9A19103F-16F7-4668-BE54-9A1E7A4F7556}") = "DAL", "DAL\DAL.csproj", "{6C6D0C40-31B7-4E5E-98AC-0843EF9B8819}"
EndProject
Project("{9A19103F-16F7-4668-BE54-9A1E7A4F7556}") = "Simulator", "..\Simulator\Simulator\Simulator.csproj", "{3E10A847-D057-4FCD-B20F-6FEF065931E2}"
EndProject
Global
	GlobalSection(SolutionConfigurationPlatforms) = preSolution
		Debug|Any CPU = Debug|Any CPU
		Release|Any CPU = Release|Any CPU
	EndGlobalSection
	GlobalSection(ProjectConfigurationPlatforms) = postSolution
		{0D97F4D0-7168-4D09-8DBF-34893DCDB883}.Debug|Any CPU.ActiveCfg = Debug|Any CPU
		{0D97F4D0-7168-4D09-8DBF-34893DCDB883}.Debug|Any CPU.Build.0 = Debug|Any CPU
		{0D97F4D0-7168-4D09-8DBF-34893DCDB883}.Release|Any CPU.ActiveCfg = Release|Any CPU
		{0D97F4D0-7168-4D09-8DBF-34893DCDB883}.Release|Any CPU.Build.0 = Release|Any CPU
		{438D3C52-AB45-45CE-BE81-71D9E4976B19}.Debug|Any CPU.ActiveCfg = Debug|Any CPU
		{438D3C52-AB45-45CE-BE81-71D9E4976B19}.Debug|Any CPU.Build.0 = Debug|Any CPU
		{438D3C52-AB45-45CE-BE81-71D9E4976B19}.Release|Any CPU.ActiveCfg = Release|Any CPU
		{438D3C52-AB45-45CE-BE81-71D9E4976B19}.Release|Any CPU.Build.0 = Release|Any CPU
		{8478A07D-28AC-4BDA-B906-B878E8558F50}.Debug|Any CPU.ActiveCfg = Debug|Any CPU
		{8478A07D-28AC-4BDA-B906-B878E8558F50}.Debug|Any CPU.Build.0 = Debug|Any CPU
		{8478A07D-28AC-4BDA-B906-B878E8558F50}.Release|Any CPU.ActiveCfg = Release|Any CPU
		{8478A07D-28AC-4BDA-B906-B878E8558F50}.Release|Any CPU.Build.0 = Release|Any CPU
		{6C6D0C40-31B7-4E5E-98AC-0843EF9B8819}.Debug|Any CPU.ActiveCfg = Debug|Any CPU
		{6C6D0C40-31B7-4E5E-98AC-0843EF9B8819}.Debug|Any CPU.Build.0 = Debug|Any CPU
		{6C6D0C40-31B7-4E5E-98AC-0843EF9B8819}.Release|Any CPU.ActiveCfg = Release|Any CPU
		{6C6D0C40-31B7-4E5E-98AC-0843EF9B8819}.Release|Any CPU.Build.0 = Release|Any CPU
		{3E10A847-D057-4FCD-B20F-6FEF065931E2}.Debug|Any CPU.ActiveCfg = Debug|Any CPU
		{3E10A847-D057-4FCD-B20F-6FEF065931E2}.Debug|Any CPU.Build.0 = Debug|Any CPU
		{3E10A847-D057-4FCD-B20F-6FEF065931E2}.Release|Any CPU.ActiveCfg = Release|Any CPU
		{3E10A847-D057-4FCD-B20F-6FEF065931E2}.Release|Any CPU.Build.0 = Release|Any CPU
	EndGlobalSection
	GlobalSection(SolutionProperties) = preSolution
		HideSolutionNode = FALSE
	EndGlobalSection
	GlobalSection(ExtensibilityGlobals) = postSolution
		SolutionGuid = {8F0867B5-775A-4388-A07D-E8E2DA371036}
	EndGlobalSection
EndGlobal
